
Microsoft Visual Studio Solution File, Format Version 12.00
# Visual Studio Version 17
VisualStudioVersion = 17.3.32929.385
MinimumVisualStudioVersion = 10.0.40219.1
Project("{FAE04EC0-301F-11D3-BF4B-00C04F79EFBC}") = "CrackME", "CrackME\CrackME.csproj", "{EE228E72-D888-4A59-A1AB-417671F80E20}"
EndProject
Global
	GlobalSection(SolutionConfigurationPlatforms) = preSolution
		Debug|Any CPU = Debug|Any CPU
		Release|Any CPU = Release|Any CPU
	EndGlobalSection
	GlobalSection(ProjectConfigurationPlatforms) = postSolution
		{EE228E72-D888-4A59-A1AB-417671F80E20}.Debug|Any CPU.ActiveCfg = Debug|Any CPU
		{EE228E72-D888-4A59-A1AB-417671F80E20}.Debug|Any CPU.Build.0 = Debug|Any CPU
		{EE228E72-D888-4A59-A1AB-417671F80E20}.Release|Any CPU.ActiveCfg = Release|Any CPU
		{EE228E72-D888-4A59-A1AB-417671F80E20}.Release|Any CPU.Build.0 = Release|Any CPU
	EndGlobalSection
	GlobalSection(SolutionProperties) = preSolution
		HideSolutionNode = FALSE
	EndGlobalSection
	GlobalSection(ExtensibilityGlobals) = postSolution
		SolutionGuid = {F14E1344-5956-446E-A1AE-C725FF241169}
	EndGlobalSection
EndGlobal
